{
    "_meta": {
        "hash": {
            "sha256": "77108658113f1498549ce74ba3d5a0879e713ff39696a1aa6feb86d03f881291"
        },
        "pipfile-spec": 6,
        "requires": {
            "python_version": "3.7"
        },
        "sources": [
            {
                "name": "pypi",
                "url": "https://pypi.org/simple",
                "verify_ssl": true
            }
        ]
    },
    "default": {
        "appdirs": {
            "hashes": [
                "sha256:9e5896d1372858f8dd3344faf4e5014d21849c756c8d5701f78f8a103b372d92",
                "sha256:d8b24664561d0d34ddfaec54636d502d7cea6e29c3eaf68f3df6180863e2166e"
            ],
            "version": "==1.4.3"
        },
        "browsercookie": {
            "hashes": [
                "sha256:25bebd5ae2143b510c0c466fb29bc40d3604f35132061684b17ee43f7c46754f"
            ],
            "index": "pypi",
            "version": "==0.7.5"
        },
        "certifi": {
            "hashes": [
                "sha256:046832c04d4e752f37383b628bc601a7ea7211496b4638f6514d0e5b9acc4939",
                "sha256:945e3ba63a0b9f577b1395204e13c3a231f9bc0223888be653286534e5873695"
            ],
            "version": "==2019.6.16"
        },
        "chardet": {
            "hashes": [
                "sha256:84ab92ed1c4d4f16916e05906b6b75a6c0fb5db821cc65e70cbd64a3e2a5eaae",
                "sha256:fc323ffcaeaed0e0a02bf4d117757b98aed530d9ed4531e3e15460124c106691"
            ],
            "version": "==3.0.4"
        },
        "entrypoints": {
            "hashes": [
                "sha256:589f874b313739ad35be6e0cd7efde2a4e9b6fea91edcc34e58ecbb8dbe56d19",
                "sha256:c70dd71abe5a8c85e55e12c19bd91ccfeec11a6e99044204511f9ed547d48451"
            ],
            "version": "==0.3"
        },
        "idna": {
            "hashes": [
                "sha256:c357b3f628cf53ae2c4c05627ecc484553142ca23264e593d327bcde5e9c3407",
                "sha256:ea8b7f6188e6fa117537c3df7da9fc686d485087abf6ac197f9c46432f7e4a3c"
            ],
            "version": "==2.8"
        },
        "keyring": {
            "hashes": [
                "sha256:1b74595f7439e4581a11d4f9a12790ac34addce64ca389c86272ff465f5e0b90",
                "sha256:afbfe7bc9bdba69d25c551b0c738adde533d87e0b51ad6bbe332cbea19ad8476"
            ],
            "version": "==19.0.2"
        },
        "lz4": {
            "hashes": [
                "sha256:00e4da8832ed91ac1a9c7e408ae4681fc4412ea12695312b513f19dea8a339ca",
                "sha256:049b63b6bce42654d4c1dab511c0c8d64019c522b246800fd32c62427ec2ba2f",
                "sha256:0dac8e2746f2fdfe7baf4eace54b183139b63f1ca287ee3dd2ee712306c69f73",
                "sha256:0f7ce41fa2c316c4fcfbade045aeb9841bb61c6fad12dd44e0decbeb6d555276",
                "sha256:138de6f0064330355e03edd13606f6ba402598b4944f26d0f0172bf090c3aef8",
                "sha256:14ff79efd10d8f6449843fc5d32a2a689dfdf5d85f368c42b6c6d381ea015173",
                "sha256:24308d6cab766a98f4740b6096039cd808f6c31c68a2c210c3713a3f258941d4",
                "sha256:2a36379cb6eddd7b4675493a747701b09d029848e70442245a7ed25077be703c",
                "sha256:2b302f93c8a0275e8081aebd7fb774ac32657347647a19740ff786b6654bd1d9",
                "sha256:3b73354848497060821c949ef0a7d31613065d2c5af11fb0d9a05f2592c20682",
                "sha256:3c19ab1c11cc7c0212a12e9d2de9fa92594df4dccb73f5df2fc32bd05877bc33",
                "sha256:445504729ffbb9f64fbc8248ba4232b4953504ee9d6b222e7faa70c433e24df5",
                "sha256:4c19bd8212b98106496214b811c9e3007487e9ea64027a3753e16813bdd91cf0",
                "sha256:5db0958c790253c20f42276b9920b0a4d8200fcf584c23121df6c5fda0605e83",
                "sha256:6dffb6199901398a1961201dad1470df5355977eca79ee99dc6e4bd53cb77f54",
                "sha256:7af4bea8979ac7d72346ea93c8ffb8b50b9da7e5755f6cec1829e65c2fd635f6",
                "sha256:9a0e10d52377fdaee12abfd0e538446532b73dc549bc41466a89549a4cfd76fe",
                "sha256:b2b7f0902a6740ea0acac3d59ffd8ee7120cf058e3ef5bdebd0685763b99a5ae",
                "sha256:c44cbca78544d22785f51c9f1bb9e0165fa4dd594d64f2fae8e588ce2bdcb32d",
                "sha256:c48dd5b991254e97f5675bfd73a01c726db189e5482c4375e9e369d8dcc786db",
                "sha256:c51db2c6467fe523a5be08b2e2ba1214f54f87c525cba473a6b2df86af8841fd",
                "sha256:cc71ac26f246287aadc7b08bbdf5e0b9a99acc0c79a4bb7ca5249455504c9a8b",
                "sha256:d3b3fd561e35e4569cb65adb91c981381ad968f0df043eeff3444bc6f8abd0ef",
                "sha256:d86cd25ade85e4eacd92bb4f7a641209c88f10b87b1d08aaac9cf5e416cf5d28",
                "sha256:db4ac5a9b54d6d6b5bb0d6f9b77790f1460e2aeb37cd8ec76c96fe78aaf4a2a8",
                "sha256:f9574e5e0f56ae30a47ec666b6c86bb8fbd2b0e4bd2592305044221822656807",
                "sha256:fd10f87333339266ec8ed8257212f2c8bc4e799026a5c3c9cdd1b32c030c484d",
                "sha256:fdb78ed85b0a7c71fd887006f34910df6701b7ee933bbf1086a8043d20463158"
            ],
            "version": "==2.1.10"
        },
        "numpy": {
            "hashes": [
                "sha256:03e311b0a4c9f5755da7d52161280c6a78406c7be5c5cc7facfbcebb641efb7e",
                "sha256:0cdd229a53d2720d21175012ab0599665f8c9588b3b8ffa6095dd7b90f0691dd",
                "sha256:312bb18e95218bedc3563f26fcc9c1c6bfaaf9d453d15942c0839acdd7e4c473",
                "sha256:464b1c48baf49e8505b1bb754c47a013d2c305c5b14269b5c85ea0625b6a988a",
                "sha256:5adfde7bd3ee4864536e230bcab1c673f866736698724d5d28c11a4d63672658",
                "sha256:7724e9e31ee72389d522b88c0d4201f24edc34277999701ccd4a5392e7d8af61",
                "sha256:8d36f7c53ae741e23f54793ffefb2912340b800476eb0a831c6eb602e204c5c4",
                "sha256:910d2272403c2ea8a52d9159827dc9f7c27fb4b263749dca884e2e4a8af3b302",
                "sha256:951fefe2fb73f84c620bec4e001e80a80ddaa1b84dce244ded7f1e0cbe0ed34a",
                "sha256:9588c6b4157f493edeb9378788dcd02cb9e6a6aeaa518b511a1c79d06cbd8094",
                "sha256:9ce8300950f2f1d29d0e49c28ebfff0d2f1e2a7444830fbb0b913c7c08f31511",
                "sha256:be39cca66cc6806652da97103605c7b65ee4442c638f04ff064a7efd9a81d50a",
                "sha256:c3ab2d835b95ccb59d11dfcd56eb0480daea57cdf95d686d22eff35584bc4554",
                "sha256:eb0fc4a492cb896346c9e2c7a22eae3e766d407df3eb20f4ce027f23f76e4c54",
                "sha256:ec0c56eae6cee6299f41e780a0280318a93db519bbb2906103c43f3e2be1206c",
                "sha256:f4e4612de60a4f1c4d06c8c2857cdcb2b8b5289189a12053f37d3f41f06c60d0"
            ],
            "version": "==1.17.0"
        },
        "pandas": {
            "hashes": [
                "sha256:074a032f99bb55d178b93bd98999c971542f19317829af08c99504febd9e9b8b",
                "sha256:20f1728182b49575c2f6f681b3e2af5fac9e84abdf29488e76d569a7969b362e",
                "sha256:2745ba6e16c34d13d765c3657bb64fa20a0e2daf503e6216a36ed61770066179",
                "sha256:32c44e5b628c48ba17703f734d59f369d4cdcb4239ef26047d6c8a8bfda29a6b",
                "sha256:3b9f7dcee6744d9dcdd53bce19b91d20b4311bf904303fa00ef58e7df398e901",
                "sha256:544f2033250980fb6f069ce4a960e5f64d99b8165d01dc39afd0b244eeeef7d7",
                "sha256:58f9ef68975b9f00ba96755d5702afdf039dea9acef6a0cfd8ddcde32918a79c",
                "sha256:9023972a92073a495eba1380824b197ad1737550fe1c4ef8322e65fe58662888",
                "sha256:914341ad2d5b1ea522798efa4016430b66107d05781dbfe7cf05eba8f37df995",
                "sha256:9d151bfb0e751e2c987f931c57792871c8d7ff292bcdfcaa7233012c367940ee",
                "sha256:b932b127da810fef57d427260dde1ad54542c136c44b227a1e367551bb1a684b",
                "sha256:cfb862aa37f4dd5be0730731fdb8185ac935aba8b51bf3bd035658111c9ee1c9",
                "sha256:de7ecb4b120e98b91e8a2a21f186571266a8d1faa31d92421e979c7ca67d8e5c",
                "sha256:df7e1933a0b83920769611c5d6b9a1bf301e3fa6a544641c6678c67621fe9843"
            ],
            "index": "pypi",
            "version": "==0.25.0"
        },
        "pycrypto": {
            "hashes": [
                "sha256:f2ce1e989b272cfcb677616763e0a2e7ec659effa67a88aa92b3a65528f60a3c"
            ],
            "version": "==2.6.1"
        },
        "pyee": {
            "hashes": [
                "sha256:a9c9b60e8693a260dd942ef5a71358cfcbba15792d5e72caf0e3c891c4e91c3b",
                "sha256:dbe44f61c40a995d2bdfd83d9fcb87ae025882d2c7f366513325e3daa09d7ede"
            ],
            "version": "==6.0.0"
        },
        "pyppeteer": {
            "hashes": [
                "sha256:51fe769b722a1718043b74d12c20420f29e0dd9eeea2b66652b7f93a9ad465dd"
            ],
            "index": "pypi",
            "version": "==0.0.25"
        },
        "python-dateutil": {
            "hashes": [
                "sha256:7e6584c74aeed623791615e26efd690f29817a27c73085b78e4bad02493df2fb",
                "sha256:c89805f6f4d64db21ed966fda138f8a5ed7a4fdbc1a8ee329ce1b74e3c74da9e"
            ],
            "version": "==2.8.0"
        },
        "pytz": {
            "hashes": [
                "sha256:26c0b32e437e54a18161324a2fca3c4b9846b74a8dccddd843113109e1116b32",
                "sha256:c894d57500a4cd2d5c71114aaab77dbab5eabd9022308ce5ac9bb93a60a6f0c7"
            ],
            "version": "==2019.2"
        },
        "requests": {
            "hashes": [
                "sha256:11e007a8a2aa0323f5a921e9e6a2d7e4e67d9877e85773fba9ba6419025cbeb4",
                "sha256:9cf5292fcd0f598c671cfc1e0d7d1a7f13bb8085e9a590f48c010551dc6c4b31"
            ],
            "index": "pypi",
            "version": "==2.22.0"
        },
        "six": {
            "hashes": [
                "sha256:3350809f0555b11f552448330d0b52d5f24c91a322ea4a15ef22629740f3761c",
                "sha256:d16a0141ec1a18405cd4ce8b4613101da75da0e9a7aec5bdd4fa804d0e0eba73"
            ],
            "version": "==1.12.0"
        },
        "tqdm": {
            "hashes": [
                "sha256:438d6a735167099d75e5fd9a55175c6727c4dbba345ae406b2886c2728fe3e80",
                "sha256:ebc205051d79b49989140f5f6c73ec23fce5f590cbc4d9cd6e4c47f168fa0f10"
            ],
            "version": "==4.34.0"
        },
        "urllib3": {
            "hashes": [
                "sha256:b246607a25ac80bedac05c6f282e3cdaf3afb65420fd024ac94435cabe6e18d1",
                "sha256:dbe59173209418ae49d485b87d1681aefa36252ee85884c31346debd19463232"
            ],
            "version": "==1.25.3"
        },
        "websockets": {
            "hashes": [
                "sha256:049e694abe33f8a1d99969fee7bfc0ae6761f7fd5f297c58ea933b27dd6805f2",
                "sha256:73ce69217e4655783ec72ce11c151053fcbd5b837cc39de7999e19605182e28a",
                "sha256:83e63aa73331b9ca21af61df8f115fb5fbcba3f281bee650a4ad16a40cd1ef15",
                "sha256:882a7266fa867a2ebb2c0baaa0f9159cabf131cf18c1b4270d79ad42f9208dc5",
                "sha256:8c77f7d182a6ea2a9d09c2612059f3ad859a90243e899617137ee3f6b7f2b584",
                "sha256:8d7a20a2f97f1e98c765651d9fb9437201a9ccc2c70e94b0270f1c5ef29667a3",
                "sha256:a7affaeffbc5d55681934c16bb6b8fc82bb75b175e7fd4dcca798c938bde8dda",
                "sha256:c82e286555f839846ef4f0fdd6910769a577952e1e26aa8ee7a6f45f040e3c2b",
                "sha256:e906128532a14b9d264a43eb48f9b3080d53a9bda819ab45bf56b8039dc606ac",
                "sha256:e9102043a81cdc8b7c8032ff4bce39f6229e4ac39cb2010946c912eeb84e2cb6",
                "sha256:f5cb2683367e32da6a256b60929a3af9c29c212b5091cf5bace9358d03011bf5"
            ],
            "version": "==8.0.2"
        },
        "xlrd": {
            "hashes": [
                "sha256:546eb36cee8db40c3eaa46c351e67ffee6eeb5fa2650b71bc4c758a29a1b29b2",
                "sha256:e551fb498759fa3a5384a94ccd4c3c02eb7c00ea424426e212ac0c57be9dfbde"
            ],
            "index": "pypi",
            "version": "==1.2.0"
        }
    },
    "develop": {}
}
